
Microsoft Visual Studio Solution File, Format Version 12.00
# Visual Studio Version 17
VisualStudioVersion = 17.5.33424.131
MinimumVisualStudioVersion = 10.0.40219.1
Project("{FAE04EC0-301F-11D3-BF4B-00C04F79EFBC}") = "WpfApp1", "WpfApp1\WpfApp1.csproj", "{401E85B0-80B6-4826-A3DF-5C7DB51E8849}"
EndProject
Global
	GlobalSection(SolutionConfigurationPlatforms) = preSolution
		Debug|Any CPU = Debug|Any CPU
		Release|Any CPU = Release|Any CPU
	EndGlobalSection
	GlobalSection(ProjectConfigurationPlatforms) = postSolution
		{401E85B0-80B6-4826-A3DF-5C7DB51E8849}.Debug|Any CPU.ActiveCfg = Debug|Any CPU
		{401E85B0-80B6-4826-A3DF-5C7DB51E8849}.Debug|Any CPU.Build.0 = Debug|Any CPU
		{401E85B0-80B6-4826-A3DF-5C7DB51E8849}.Release|Any CPU.ActiveCfg = Release|Any CPU
		{401E85B0-80B6-4826-A3DF-5C7DB51E8849}.Release|Any CPU.Build.0 = Release|Any CPU
	EndGlobalSection
	GlobalSection(SolutionProperties) = preSolution
		HideSolutionNode = FALSE
	EndGlobalSection
	GlobalSection(ExtensibilityGlobals) = postSolution
		SolutionGuid = {B7CB2AA5-3A0B-4BD6-BB03-B93A2BD9C7F5}
	EndGlobalSection
EndGlobal
